
Microsoft Visual Studio Solution File, Format Version 12.00
# Visual Studio Version 16
VisualStudioVersion = 16.0.29920.165
MinimumVisualStudioVersion = 10.0.40219.1
Project("{FAE04EC0-301F-11D3-BF4B-00C04F79EFBC}") = "OdeToFood.Web", "OdeToFood.Web\OdeToFood.Web.csproj", "{3FE9835F-4C35-4E37-8E20-0F14C9C8A1D8}"
EndProject
Project("{FAE04EC0-301F-11D3-BF4B-00C04F79EFBC}") = "OdeToFood.Data", "OdeToFood.Data\OdeToFood.Data.csproj", "{D5C9F437-E071-472A-8F02-27077A48BD08}"
EndProject
Global
	GlobalSection(SolutionConfigurationPlatforms) = preSolution
		Debug|Any CPU = Debug|Any CPU
		Release|Any CPU = Release|Any CPU
	EndGlobalSection
	GlobalSection(ProjectConfigurationPlatforms) = postSolution
		{3FE9835F-4C35-4E37-8E20-0F14C9C8A1D8}.Debug|Any CPU.ActiveCfg = Debug|Any CPU
		{3FE9835F-4C35-4E37-8E20-0F14C9C8A1D8}.Debug|Any CPU.Build.0 = Debug|Any CPU
		{3FE9835F-4C35-4E37-8E20-0F14C9C8A1D8}.Release|Any CPU.ActiveCfg = Release|Any CPU
		{3FE9835F-4C35-4E37-8E20-0F14C9C8A1D8}.Release|Any CPU.Build.0 = Release|Any CPU
		{D5C9F437-E071-472A-8F02-27077A48BD08}.Debug|Any CPU.ActiveCfg = Debug|Any CPU
		{D5C9F437-E071-472A-8F02-27077A48BD08}.Debug|Any CPU.Build.0 = Debug|Any CPU
		{D5C9F437-E071-472A-8F02-27077A48BD08}.Release|Any CPU.ActiveCfg = Release|Any CPU
		{D5C9F437-E071-472A-8F02-27077A48BD08}.Release|Any CPU.Build.0 = Release|Any CPU
	EndGlobalSection
	GlobalSection(SolutionProperties) = preSolution
		HideSolutionNode = FALSE
	EndGlobalSection
	GlobalSection(ExtensibilityGlobals) = postSolution
		SolutionGuid = {97A605DF-EF23-4E27-AA68-8F0BE532CCCE}
	EndGlobalSection
EndGlobal
