
Microsoft Visual Studio Solution File, Format Version 12.00
# Visual Studio Version 16
VisualStudioVersion = 16.0.29920.165
MinimumVisualStudioVersion = 10.0.40219.1
Project("{FAE04EC0-301F-11D3-BF4B-00C04F79EFBC}") = "GenericsLearning", "GenericsLearning.csproj", "{D9C42A6E-CBE5-4DA8-817A-EE7CCF970593}"
EndProject
Project("{FAE04EC0-301F-11D3-BF4B-00C04F79EFBC}") = "GenericsLearning.tests", "..\GenericsLearning.tests\GenericsLearning.tests.csproj", "{02100C48-521E-437F-B787-400C7726A458}"
EndProject
Global
	GlobalSection(SolutionConfigurationPlatforms) = preSolution
		Debug|Any CPU = Debug|Any CPU
		Release|Any CPU = Release|Any CPU
	EndGlobalSection
	GlobalSection(ProjectConfigurationPlatforms) = postSolution
		{D9C42A6E-CBE5-4DA8-817A-EE7CCF970593}.Debug|Any CPU.ActiveCfg = Debug|Any CPU
		{D9C42A6E-CBE5-4DA8-817A-EE7CCF970593}.Debug|Any CPU.Build.0 = Debug|Any CPU
		{D9C42A6E-CBE5-4DA8-817A-EE7CCF970593}.Release|Any CPU.ActiveCfg = Release|Any CPU
		{D9C42A6E-CBE5-4DA8-817A-EE7CCF970593}.Release|Any CPU.Build.0 = Release|Any CPU
		{02100C48-521E-437F-B787-400C7726A458}.Debug|Any CPU.ActiveCfg = Debug|Any CPU
		{02100C48-521E-437F-B787-400C7726A458}.Debug|Any CPU.Build.0 = Debug|Any CPU
		{02100C48-521E-437F-B787-400C7726A458}.Release|Any CPU.ActiveCfg = Release|Any CPU
		{02100C48-521E-437F-B787-400C7726A458}.Release|Any CPU.Build.0 = Release|Any CPU
	EndGlobalSection
	GlobalSection(SolutionProperties) = preSolution
		HideSolutionNode = FALSE
	EndGlobalSection
	GlobalSection(ExtensibilityGlobals) = postSolution
		SolutionGuid = {36912B20-07A4-4278-BC7B-337DEC18B162}
	EndGlobalSection
EndGlobal
