
Microsoft Visual Studio Solution File, Format Version 12.00
# Visual Studio Version 16
VisualStudioVersion = 16.0.29920.165
MinimumVisualStudioVersion = 10.0.40219.1
Project("{FAE04EC0-301F-11D3-BF4B-00C04F79EFBC}") = "StockAnalyzer", "StockAnalyzer.csproj", "{0BBF8EFD-46F2-4031-BFAA-EA1B38972F07}"
EndProject
Global
	GlobalSection(SolutionConfigurationPlatforms) = preSolution
		Debug|Any CPU = Debug|Any CPU
		Release|Any CPU = Release|Any CPU
	EndGlobalSection
	GlobalSection(ProjectConfigurationPlatforms) = postSolution
		{0BBF8EFD-46F2-4031-BFAA-EA1B38972F07}.Debug|Any CPU.ActiveCfg = Debug|Any CPU
		{0BBF8EFD-46F2-4031-BFAA-EA1B38972F07}.Debug|Any CPU.Build.0 = Debug|Any CPU
		{0BBF8EFD-46F2-4031-BFAA-EA1B38972F07}.Release|Any CPU.ActiveCfg = Release|Any CPU
		{0BBF8EFD-46F2-4031-BFAA-EA1B38972F07}.Release|Any CPU.Build.0 = Release|Any CPU
	EndGlobalSection
	GlobalSection(SolutionProperties) = preSolution
		HideSolutionNode = FALSE
	EndGlobalSection
	GlobalSection(ExtensibilityGlobals) = postSolution
		SolutionGuid = {5F437F8E-4DB2-4C10-B02E-57D909D6A379}
	EndGlobalSection
EndGlobal
